
Microsoft Visual Studio Solution File, Format Version 12.00
# Visual Studio Version 16
VisualStudioVersion = 16.0.30717.126
MinimumVisualStudioVersion = 10.0.40219.1
Project("{FAE04EC0-301F-11D3-BF4B-00C04F79EFBC}") = "Userauthentication", "Userauthentication\Userauthentication.csproj", "{92EFA93A-ED0B-4D7D-8DD5-2A8263398C2C}"
EndProject
Global
	GlobalSection(SolutionConfigurationPlatforms) = preSolution
		Debug|Any CPU = Debug|Any CPU
		Release|Any CPU = Release|Any CPU
	EndGlobalSection
	GlobalSection(ProjectConfigurationPlatforms) = postSolution
		{92EFA93A-ED0B-4D7D-8DD5-2A8263398C2C}.Debug|Any CPU.ActiveCfg = Debug|Any CPU
		{92EFA93A-ED0B-4D7D-8DD5-2A8263398C2C}.Debug|Any CPU.Build.0 = Debug|Any CPU
		{92EFA93A-ED0B-4D7D-8DD5-2A8263398C2C}.Release|Any CPU.ActiveCfg = Release|Any CPU
		{92EFA93A-ED0B-4D7D-8DD5-2A8263398C2C}.Release|Any CPU.Build.0 = Release|Any CPU
	EndGlobalSection
	GlobalSection(SolutionProperties) = preSolution
		HideSolutionNode = FALSE
	EndGlobalSection
	GlobalSection(ExtensibilityGlobals) = postSolution
		SolutionGuid = {A6D19CA5-BD54-4375-9A89-C4CBCB92312E}
	EndGlobalSection
EndGlobal
